PODS:
  - Flutter (1.0.0)
  - PluginCodelab (0.0.1):
    - Flutter

DEPENDENCIES:
  - Flutter (from `Flutter`)
  - PluginCodelab (from `.symlinks/plugins/PluginCodelab/ios`)

EXTERNAL SOURCES:
  Flutter:
    :path: Flutter
  PluginCodelab:
    :path: ".symlinks/plugins/PluginCodelab/ios"

SPEC CHECKSUMS:
  Flutter: 0e3d915762c693b495b44d77113d4970485de6ec
  PluginCodelab: 8f67ed92e1aa35d2e3139bf0dae7df7ef74b4273

PODFILE CHECKSUM: 3dbe063e9c90a5d7c9e4e76e70a821b9e2c1d271

COCOAPODS: 1.8.3
